("quicklisp" .
 (:class qlot/source/dist:source-dist
  :initargs (:distribution "https://beta.quicklisp.org/dist/quicklisp.txt" :%version :latest)
  :version "2026-01-01"))
("numcl" .
 (:class qlot/source/github:source-github
  :initargs (:repos "numcl/numcl" :ref nil :branch nil :tag nil)
  :version "github-6d550f7aec3d374fa2672e65d7bdf0c8b789dc03"))
