("quicklisp" .
 (:class qlot/source/dist:source-dist
  :initargs (:distribution "https://beta.quicklisp.org/dist/quicklisp.txt" :%version :latest)
  :version "2026-01-01"))
("numcl" .
 (:class qlot/source/git:source-git
  :initargs (:remote-url "https://github.com/numcl/numcl.git")
  :version "github-6d550f7aec3d374fa2672e65d7bdf0c8b789dc03"))
("rove" .
 (:class qlot/source/ql:source-ql
  :initargs (:%version :latest)
  :version "ql-2026-01-01"))
